<?xml version="1.0" encoding="utf-8"?>
<Project ToolsVersion="4.0" xmlns="http://schemas.microsoft.com/developer/msbuild/2003">
  <ItemGroup>
    <Filter Include="Source Files">
      <UniqueIdentifier>{4FC737F1-C7A5-4376-A066-2A32D752A2FF}</UniqueIdentifier>
      <Extensions>cpp;c;cc;cxx;c++;cppm;ixx;def;odl;idl;hpj;bat;asm;asmx</Extensions>
    </Filter>
    <Filter Include="Header Files">
      <UniqueIdentifier>{93995380-89BD-4b04-88EB-625FBE52EBFB}</UniqueIdentifier>
      <Extensions>h;hh;hpp;hxx;h++;hm;inl;inc;ipp;xsd</Extensions>
    </Filter>
    <Filter Include="Resource Files">
      <UniqueIdentifier>{67DA6AB6-F800-4c08-8B7A-83BB121AAD01}</UniqueIdentifier>
      <Extensions>rc;ico;cur;bmp;dlg;rc2;rct;bin;rgs;gif;jpg;jpeg;jpe;resx;tiff;tif;png;wav;mfcribbon-ms</Extensions>
    </Filter>
    <Filter Include="ATE401">
      <UniqueIdentifier>{32099e43-b5a6-46bd-a386-2b0667ba932a}</UniqueIdentifier>
    </Filter>
    <Filter Include="ATE401\ate_uart">
      <UniqueIdentifier>{4aabbe13-9b15-4d2e-a904-69eec97a2982}</UniqueIdentifier>
    </Filter>
    <Filter Include="ATE401\ate_i2c">
      <UniqueIdentifier>{6e7e1dca-5b6c-49f2-af4a-cd211f9a1838}</UniqueIdentifier>
    </Filter>
  </ItemGroup>
  <ItemGroup>
    <ClCompile Include="main.cpp">
      <Filter>Source Files</Filter>
    </ClCompile>
    <ClCompile Include="..\ATE401\ATE401\ate_uart\ate401_uart.cpp">
      <Filter>ATE401\ate_uart</Filter>
    </ClCompile>
    <ClCompile Include="..\ATE401\ATE401\ate_i2c\ate401_i2c.cpp">
      <Filter>ATE401\ate_i2c</Filter>
    </ClCompile>
  </ItemGroup>
  <ItemGroup>
    <ClInclude Include="..\ATE401\ATE401\ate_uart\ate401_uart.h">
      <Filter>ATE401\ate_uart</Filter>
    </ClInclude>
    <ClInclude Include="..\ATE401\ATE401\ate_i2c\ate401_i2c.h">
      <Filter>ATE401\ate_i2c</Filter>
    </ClInclude>
  </ItemGroup>
</Project>